{
  "version": 4,
  "terraform_version": "1.5.4",
  "serial": 80,
  "lineage": "9fff0647-ab68-4611-d6d0-a35fefd53f20",
  "outputs": {
    "eip_allocation_id": {
      "value": "eipalloc-007bdf6afccc23e1e",
      "type": "string"
    },
    "eip_public_ip": {
      "value": "3.21.57.43",
      "type": "string"
    },
    "instance_id": {
      "value": "i-054cf16f4d58b3298",
      "type": "string"
    },
    "instance_public_ip": {
      "value": "",
      "type": "string"
    }
  },
  "resources": [
    {
      "mode": "managed",
      "type": "aws_eip",
      "name": "rds_eip",
      "provider": "provider[\"registry.terraform.io/hashicorp/aws\"]",
      "instances": [
        {
          "schema_version": 0,
          "attributes": {
            "address": null,
            "allocation_id": "eipalloc-007bdf6afccc23e1e",
            "associate_with_private_ip": null,
            "association_id": "eipassoc-0a5059b40cbe90f74",
            "carrier_ip": "",
            "customer_owned_ip": "",
            "customer_owned_ipv4_pool": "",
            "domain": "vpc",
            "id": "eipalloc-007bdf6afccc23e1e",
            "instance": "i-054cf16f4d58b3298",
            "network_border_group": "us-east-2",
            "network_interface": "eni-07ec9242ce4b7bca1",
            "private_dns": "ip-10-0-12-155.us-east-2.compute.internal",
            "private_ip": "10.0.12.155",
            "public_dns": "ec2-3-21-57-43.us-east-2.compute.amazonaws.com",
            "public_ip": "3.21.57.43",
            "public_ipv4_pool": "amazon",
            "tags": null,
            "tags_all": {},
            "timeouts": null,
            "vpc": true
          },
          "sensitive_attributes": [],
          "private": "eyJlMmJmYjczMC1lY2FhLTExZTYtOGY4OC0zNDM2M2JjN2M0YzAiOnsiZGVsZXRlIjoxODAwMDAwMDAwMDAsInJlYWQiOjkwMDAwMDAwMDAwMCwidXBkYXRlIjozMDAwMDAwMDAwMDB9fQ==",
          "dependencies": [
            "aws_iam_instance_profile.instance_profile",
            "aws_iam_role.s3_access_role",
            "aws_instance.rds",
            "aws_security_group.ec2_sg"
          ]
        }
      ]
    },
    {
      "mode": "managed",
      "type": "aws_iam_instance_profile",
      "name": "instance_profile",
      "provider": "provider[\"registry.terraform.io/hashicorp/aws\"]",
      "instances": [
        {
          "schema_version": 0,
          "attributes": {
            "arn": "arn:aws:iam::218058812834:instance-profile/tinitiate-d-rds-profile",
            "create_date": "2023-11-24T21:44:08Z",
            "id": "tinitiate-d-rds-profile",
            "name": "tinitiate-d-rds-profile",
            "name_prefix": "",
            "path": "/",
            "role": "tinitiate-d-rds-s3-role",
            "tags": null,
            "tags_all": {},
            "unique_id": "AIPATFRKRNWRDL2EACN2D"
          },
          "sensitive_attributes": [],
          "private": "bnVsbA==",
          "dependencies": [
            "aws_iam_role.s3_access_role"
          ]
        }
      ]
    },
    {
      "mode": "managed",
      "type": "aws_iam_role",
      "name": "s3_access_role",
      "provider": "provider[\"registry.terraform.io/hashicorp/aws\"]",
      "instances": [
        {
          "schema_version": 0,
          "attributes": {
            "arn": "arn:aws:iam::218058812834:role/tinitiate-d-rds-s3-role",
            "assume_role_policy": "{\"Statement\":[{\"Action\":\"sts:AssumeRole\",\"Effect\":\"Allow\",\"Principal\":{\"Service\":\"ec2.amazonaws.com\"}}],\"Version\":\"2012-10-17\"}",
            "create_date": "2023-11-24T21:44:07Z",
            "description": "",
            "force_detach_policies": false,
            "id": "tinitiate-d-rds-s3-role",
            "inline_policy": [
              {
                "name": "s3-access-policy",
                "policy": "{\"Version\":\"2012-10-17\",\"Statement\":[{\"Action\":[\"s3:GetObject\",\"s3:PutObject\",\"s3:ListBucket\"],\"Effect\":\"Allow\",\"Resource\":[\"arn:aws:s3:::tinitiate-d-iac-001\",\"arn:aws:s3:::tinitiate-d-iac-001/*\"]}]}"
              }
            ],
            "managed_policy_arns": [],
            "max_session_duration": 3600,
            "name": "tinitiate-d-rds-s3-role",
            "name_prefix": "",
            "path": "/",
            "permissions_boundary": "",
            "tags": {
              "Client": "tinitiate",
              "Environment": "dev",
              "Name": "tinitiate-d-ec2-s3-role"
            },
            "tags_all": {
              "Client": "tinitiate",
              "Environment": "dev",
              "Name": "tinitiate-d-ec2-s3-role"
            },
            "unique_id": "AROATFRKRNWREHR27375B"
          },
          "sensitive_attributes": [],
          "private": "bnVsbA=="
        }
      ]
    },
    {
      "mode": "managed",
      "type": "aws_instance",
      "name": "rds",
      "provider": "provider[\"registry.terraform.io/hashicorp/aws\"]",
      "instances": [
        {
          "schema_version": 1,
          "attributes": {
            "ami": "ami-098dd3a86ea110896",
            "arn": "arn:aws:ec2:us-east-2:218058812834:instance/i-054cf16f4d58b3298",
            "associate_public_ip_address": false,
            "availability_zone": "us-east-2a",
            "capacity_reservation_specification": [
              {
                "capacity_reservation_preference": "open",
                "capacity_reservation_target": []
              }
            ],
            "cpu_core_count": 1,
            "cpu_options": [
              {
                "amd_sev_snp": "",
                "core_count": 1,
                "threads_per_core": 2
              }
            ],
            "cpu_threads_per_core": 2,
            "credit_specification": [
              {
                "cpu_credits": "unlimited"
              }
            ],
            "disable_api_stop": false,
            "disable_api_termination": false,
            "ebs_block_device": [],
            "ebs_optimized": false,
            "enclave_options": [
              {
                "enabled": false
              }
            ],
            "ephemeral_block_device": [],
            "get_password_data": false,
            "hibernation": false,
            "host_id": "",
            "host_resource_group_arn": null,
            "iam_instance_profile": "tinitiate-d-rds-profile",
            "id": "i-054cf16f4d58b3298",
            "instance_initiated_shutdown_behavior": "stop",
            "instance_lifecycle": "",
            "instance_market_options": [],
            "instance_state": "running",
            "instance_type": "t3.small",
            "ipv6_address_count": 0,
            "ipv6_addresses": [],
            "key_name": "sb-training-ec2-001",
            "launch_template": [],
            "maintenance_options": [
              {
                "auto_recovery": "default"
              }
            ],
            "metadata_options": [
              {
                "http_endpoint": "enabled",
                "http_protocol_ipv6": "disabled",
                "http_put_response_hop_limit": 1,
                "http_tokens": "optional",
                "instance_metadata_tags": "disabled"
              }
            ],
            "monitoring": false,
            "network_interface": [],
            "outpost_arn": "",
            "password_data": "",
            "placement_group": "",
            "placement_partition_number": 0,
            "primary_network_interface_id": "eni-07ec9242ce4b7bca1",
            "private_dns": "ip-10-0-12-155.us-east-2.compute.internal",
            "private_dns_name_options": [
              {
                "enable_resource_name_dns_a_record": false,
                "enable_resource_name_dns_aaaa_record": false,
                "hostname_type": "ip-name"
              }
            ],
            "private_ip": "10.0.12.155",
            "public_dns": "",
            "public_ip": "",
            "root_block_device": [
              {
                "delete_on_termination": true,
                "device_name": "/dev/xvda",
                "encrypted": false,
                "iops": 180,
                "kms_key_id": "",
                "tags": null,
                "throughput": 0,
                "volume_id": "vol-06b63f4237a9e65c1",
                "volume_size": 60,
                "volume_type": "gp2"
              }
            ],
            "secondary_private_ips": [],
            "security_groups": [],
            "source_dest_check": true,
            "spot_instance_request_id": "",
            "subnet_id": "subnet-0ca06d359b70d2e3b",
            "tags": {
              "Client": "tinitiate",
              "Environment": "dev",
              "Name": "tinitiate-d-aws-rds"
            },
            "tags_all": {
              "Client": "tinitiate",
              "Environment": "dev",
              "Name": "tinitiate-d-aws-rds"
            },
            "tenancy": "default",
            "timeouts": null,
            "user_data": "d08bd79d35ffc835004fe6b87faefca1d3c12197",
            "user_data_base64": null,
            "user_data_replace_on_change": false,
            "volume_tags": null,
            "vpc_security_group_ids": [
              "sg-0866e3f6dd11c16b6"
            ]
          },
          "sensitive_attributes": [],
          "private": "eyJlMmJmYjczMC1lY2FhLTExZTYtOGY4OC0zNDM2M2JjN2M0YzAiOnsiY3JlYXRlIjo2MDAwMDAwMDAwMDAsImRlbGV0ZSI6MTIwMDAwMDAwMDAwMCwidXBkYXRlIjo2MDAwMDAwMDAwMDB9LCJzY2hlbWFfdmVyc2lvbiI6IjEifQ==",
          "dependencies": [
            "aws_iam_instance_profile.instance_profile",
            "aws_iam_role.s3_access_role",
            "aws_security_group.ec2_sg"
          ]
        }
      ]
    },
    {
      "mode": "managed",
      "type": "aws_security_group",
      "name": "ec2_sg",
      "provider": "provider[\"registry.terraform.io/hashicorp/aws\"]",
      "instances": [
        {
          "schema_version": 1,
          "attributes": {
            "arn": "arn:aws:ec2:us-east-2:218058812834:security-group/sg-0866e3f6dd11c16b6",
            "description": "Managed by Terraform",
            "egress": [
              {
                "cidr_blocks": [
                  "0.0.0.0/0"
                ],
                "description": "",
                "from_port": 0,
                "ipv6_cidr_blocks": [],
                "prefix_list_ids": [],
                "protocol": "-1",
                "security_groups": [],
                "self": false,
                "to_port": 0
              }
            ],
            "id": "sg-0866e3f6dd11c16b6",
            "ingress": [
              {
                "cidr_blocks": [
                  "0.0.0.0/0"
                ],
                "description": "",
                "from_port": 22,
                "ipv6_cidr_blocks": [],
                "prefix_list_ids": [],
                "protocol": "tcp",
                "security_groups": [],
                "self": false,
                "to_port": 22
              },
              {
                "cidr_blocks": [
                  "0.0.0.0/0"
                ],
                "description": "",
                "from_port": 3306,
                "ipv6_cidr_blocks": [],
                "prefix_list_ids": [],
                "protocol": "tcp",
                "security_groups": [],
                "self": false,
                "to_port": 3306
              }
            ],
            "name": "client-dev-ec2-sg20231124214409200900000001",
            "name_prefix": "client-dev-ec2-sg",
            "owner_id": "218058812834",
            "revoke_rules_on_delete": false,
            "tags": {
              "Client": "tinitiate",
              "Environment": "dev",
              "Name": "tinitiate-d-rds-sg"
            },
            "tags_all": {
              "Client": "tinitiate",
              "Environment": "dev",
              "Name": "tinitiate-d-rds-sg"
            },
            "timeouts": null,
            "vpc_id": "vpc-08f1ebe836f2cdacf"
          },
          "sensitive_attributes": [],
          "private": "eyJlMmJmYjczMC1lY2FhLTExZTYtOGY4OC0zNDM2M2JjN2M0YzAiOnsiY3JlYXRlIjo2MDAwMDAwMDAwMDAsImRlbGV0ZSI6OTAwMDAwMDAwMDAwfSwic2NoZW1hX3ZlcnNpb24iOiIxIn0="
        }
      ]
    }
  ],
  "check_results": null
}
